{
  "version": "v1",
  "packages": {
    "@openmobilehub/auth-dropbox": {
      "version": "1.0.7",
      "signature": "95d1ae232c95d76e55321e3ea17ec21e",
      "file": true,
      "replaced": "1.0.3"
    },
    "@openmobilehub/auth-core": {
      "version": "1.0.7",
      "signature": "5ed3a84648edef1e35f45da1398e97c6",
      "file": true,
      "replaced": "1.0.3"
    },
    "@openmobilehub/auth-google": {
      "version": "1.0.7",
      "signature": "c6e69989e6773cccd8765c1a6d66a952",
      "file": true,
      "replaced": "1.0.3"
    },
    "@openmobilehub/auth-microsoft": {
      "version": "1.0.7",
      "signature": "f1a4f98231d0483512299067dfc6782f",
      "file": true,
      "replaced": "1.0.3"
    }
  }
}